NeoBundleLock browserlink.vim 1c205253b4b4bc73f71f62bc9e478669c910b437
NeoBundleLock bufexplorer 3dea4bb053b39f299fb94ff193d6f5a4e5d47ee8
NeoBundleLock gundo f443470b96364c24a775629418a6b2562ec9173e
NeoBundleLock neobundle.vim 02bd438c42748980d21f6a01860f383e9cc62335
NeoBundleLock neosnippet-snippets f51672064cbb589cff71994c2e149a667031702d
NeoBundleLock neosnippet.vim 7c1d60f49925747f1ae2998e327bdff58fc9323b
NeoBundleLock nerdtree af85499edace2acca27ce41790ac333f62b689bb
NeoBundleLock renamer.vim 3ff8fb7bf2f1210e640fb59f3316a42de4296a2a
NeoBundleLock snipmate.vim f5a75d075d3c005ebe69e3f5e56cf99516e8aa3b
NeoBundleLock syntastic cb9424c9ec241ee07e8c9b2231fe086f0d22ecc2
NeoBundleLock tagbar 399b75256ac7333d7119d11047f6b3aff8fa2828
NeoBundleLock tcomment_vim 0262fdc53df2e6a24be91c10311dfaf1acd048fc
NeoBundleLock vim-characterize 871364dbc2bceab0db4e365a85e208ab6dd2c4fd
NeoBundleLock vim-classpath 1ef18a10512fe0f84bb2c412b38e613c331a7b55
NeoBundleLock vim-colorschemes 81c6dd7ce3169e5ad9ba92422ba6e1ce5b074e36
NeoBundleLock vim-commentary 9c685131a5facfa0d643feca3a61b41c007d8170
NeoBundleLock vim-easy-align c62d124be614de65922b15d468c4049d1eee9353
NeoBundleLock vim-easytags a339a8c4409f547e3e2bfd1e1c48975536935b46
NeoBundleLock vim-fugitive e065e4f841f4a033ac9a6156573a446007617b1d
NeoBundleLock vim-misc 3e6b8fb6f03f13434543ce1f5d24f6a5d3f34f0b
NeoBundleLock vim-surround 772ab9587b7d1e2c3bae75395c9123803059ba8a
NeoBundleLock vim-tmux-navigator 176452ead44118174ddad3502709a247d9c24bb4
